
Microsoft Visual Studio Solution File, Format Version 12.00
# Visual Studio Version 16
VisualStudioVersion = 16.0.31424.327
MinimumVisualStudioVersion = 10.0.40219.1
Project("{FAE04EC0-301F-11D3-BF4B-00C04F79EFBC}") = "Barnet", "Barnet\Barnet.csproj", "{54F4D2FD-5348-468C-9661-953D65389704}"
EndProject
Global
	GlobalSection(SolutionConfigurationPlatforms) = preSolution
		Debug|Any CPU = Debug|Any CPU
		Release|Any CPU = Release|Any CPU
	EndGlobalSection
	GlobalSection(ProjectConfigurationPlatforms) = postSolution
		{54F4D2FD-5348-468C-9661-953D65389704}.Debug|Any CPU.ActiveCfg = Debug|Any CPU
		{54F4D2FD-5348-468C-9661-953D65389704}.Debug|Any CPU.Build.0 = Debug|Any CPU
		{54F4D2FD-5348-468C-9661-953D65389704}.Release|Any CPU.ActiveCfg = Release|Any CPU
		{54F4D2FD-5348-468C-9661-953D65389704}.Release|Any CPU.Build.0 = Release|Any CPU
	EndGlobalSection
	GlobalSection(SolutionProperties) = preSolution
		HideSolutionNode = FALSE
	EndGlobalSection
	GlobalSection(ExtensibilityGlobals) = postSolution
		SolutionGuid = {C009D952-6D56-4041-BF96-C3BEAAA75324}
	EndGlobalSection
EndGlobal
